// !$*UTF8*$!
{
	archiveVersion = 1;
	classes = {
	};
	objectVersion = 50;
	objects = {

/* Begin PBXBuildFile section */
		2BA7408821DFB69E008F1E40 /* AppDelegate.swift in Sources */ = {isa = PBXBuildFile; fileRef = 2BA7408721DFB69E008F1E40 /* AppDelegate.swift */; };
		2BA7408F21DFB6A1008F1E40 /* Assets.xcassets in Resources */ = {isa = PBXBuildFile; fileRef = 2BA7408E21DFB6A1008F1E40 /* Assets.xcassets */; };
		2BA7409221DFB6A1008F1E40 /* LaunchScreen.storyboard in Resources */ = {isa = PBXBuildFile; fileRef = 2BA7409021DFB6A1008F1E40 /* LaunchScreen.storyboard */; };
		2BA7409D21DFB6A1008F1E40 /* Weather_ForecastTests.swift in Sources */ = {isa = PBXBuildFile; fileRef = 2BA7409C21DFB6A1008F1E40 /* Weather_ForecastTests.swift */; };
		2BA740A821DFB6A1008F1E40 /* Weather_ForecastUITests.swift in Sources */ = {isa = PBXBuildFile; fileRef = 2BA740A721DFB6A1008F1E40 /* Weather_ForecastUITests.swift */; };
		2BA740BD21DFBC29008F1E40 /* CitiesListViewController.swift in Sources */ = {isa = PBXBuildFile; fileRef = 2BA740BC21DFBC29008F1E40 /* CitiesListViewController.swift */; };
		2BA740BF21DFBD63008F1E40 /* CitiesListPresenter.swift in Sources */ = {isa = PBXBuildFile; fileRef = 2BA740BE21DFBD63008F1E40 /* CitiesListPresenter.swift */; };
		2BA740C121DFBD6D008F1E40 /* CitiesList.storyboard in Resources */ = {isa = PBXBuildFile; fileRef = 2BA740C021DFBD6D008F1E40 /* CitiesList.storyboard */; };
		2BA740C321DFBD8D008F1E40 /* WeatherDetailsViewController.swift in Sources */ = {isa = PBXBuildFile; fileRef = 2BA740C221DFBD8D008F1E40 /* WeatherDetailsViewController.swift */; };
		2BA740C521DFBD9B008F1E40 /* WeatherDetailsPresenter.swift in Sources */ = {isa = PBXBuildFile; fileRef = 2BA740C421DFBD9B008F1E40 /* WeatherDetailsPresenter.swift */; };
		2BA740C721DFBDA2008F1E40 /* WeatherDetails.storyboard in Resources */ = {isa = PBXBuildFile; fileRef = 2BA740C621DFBDA2008F1E40 /* WeatherDetails.storyboard */; };
		2BA740C921DFBDE4008F1E40 /* APIManager.swift in Sources */ = {isa = PBXBuildFile; fileRef = 2BA740C821DFBDE4008F1E40 /* APIManager.swift */; };
		2BA740CC21DFFF37008F1E40 /* CityWeatherViewCell.swift in Sources */ = {isa = PBXBuildFile; fileRef = 2BA740CB21DFFF37008F1E40 /* CityWeatherViewCell.swift */; };
		2BA740CE21E00016008F1E40 /* City.swift in Sources */ = {isa = PBXBuildFile; fileRef = 2BA740CD21E00016008F1E40 /* City.swift */; };
		2BA740D021E0009B008F1E40 /* Weather.swift in Sources */ = {isa = PBXBuildFile; fileRef = 2BA740CF21E0009B008F1E40 /* Weather.swift */; };
		2BA740D221E00F03008F1E40 /* Extensions.swift in Sources */ = {isa = PBXBuildFile; fileRef = 2BA740D121E00F03008F1E40 /* Extensions.swift */; };
		368CB52CE7956023B236ADAE /* Pods_Weather_ForecastTests.framework in Frameworks */ = {isa = PBXBuildFile; fileRef = 7327ADDD24A6C817EB369D35 /* Pods_Weather_ForecastTests.framework */; };
		70BB077BCD56225A7FF14984 /* Pods_Weather_Forecast.framework in Frameworks */ = {isa = PBXBuildFile; fileRef = 5FF1A29523A43D3ED1170129 /* Pods_Weather_Forecast.framework */; };
		C145DDE701DD799E80810181 /* Pods_Weather_ForecastUITests.framework in Frameworks */ = {isa = PBXBuildFile; fileRef = 92238F7BC235BA06A30B8A3F /* Pods_Weather_ForecastUITests.framework */; };
/* End PBXBuildFile section */

/* Begin PBXContainerItemProxy section */
		2BA7409921DFB6A1008F1E40 /* PBXContainerItemProxy */ = {
			isa = PBXContainerItemProxy;
			containerPortal = 2BA7407C21DFB69E008F1E40 /* Project object */;
			proxyType = 1;
			remoteGlobalIDString = 2BA7408321DFB69E008F1E40;
			remoteInfo = "Weather Forecast";
		};
		2BA740A421DFB6A1008F1E40 /* PBXContainerItemProxy */ = {
			isa = PBXContainerItemProxy;
			containerPortal = 2BA7407C21DFB69E008F1E40 /* Project object */;
			proxyType = 1;
			remoteGlobalIDString = 2BA7408321DFB69E008F1E40;
			remoteInfo = "Weather Forecast";
		};
/* End PBXContainerItemProxy section */

/* Begin PBXFileReference section */
		10EDAA6F45B0BFA463D6A406 /* Pods-Weather ForecastTests.release.xcconfig */ = {isa = PBXFileReference; includeInIndex = 1; lastKnownFileType = text.xcconfig; name = "Pods-Weather ForecastTests.release.xcconfig"; path = "Pods/Target Support Files/Pods-Weather ForecastTests/Pods-Weather ForecastTests.release.xcconfig"; sourceTree = "<group>"; };
		16AEA0171D87183E244AB660 /* Pods-Weather Forecast.debug.xcconfig */ = {isa = PBXFileReference; includeInIndex = 1; lastKnownFileType = text.xcconfig; name = "Pods-Weather Forecast.debug.xcconfig"; path = "Pods/Target Support Files/Pods-Weather Forecast/Pods-Weather Forecast.debug.xcconfig"; sourceTree = "<group>"; };
		17C74CCA405B544246EC9B7C /* Pods-Weather ForecastTests.debug.xcconfig */ = {isa = PBXFileReference; includeInIndex = 1; lastKnownFileType = text.xcconfig; name = "Pods-Weather ForecastTests.debug.xcconfig"; path = "Pods/Target Support Files/Pods-Weather ForecastTests/Pods-Weather ForecastTests.debug.xcconfig"; sourceTree = "<group>"; };
		1CECEF3EDC9F26D5D542F6AE /* Pods-Weather ForecastUITests.release.xcconfig */ = {isa = PBXFileReference; includeInIndex = 1; lastKnownFileType = text.xcconfig; name = "Pods-Weather ForecastUITests.release.xcconfig"; path = "Pods/Target Support Files/Pods-Weather ForecastUITests/Pods-Weather ForecastUITests.release.xcconfig"; sourceTree = "<group>"; };
		2BA7408421DFB69E008F1E40 /* Weather Forecast.app */ = {isa = PBXFileReference; explicitFileType = wrapper.application; includeInIndex = 0; path = "Weather Forecast.app"; sourceTree = BUILT_PRODUCTS_DIR; };
		2BA7408721DFB69E008F1E40 /* AppDelegate.swift */ = {isa = PBXFileReference; lastKnownFileType = sourcecode.swift; path = AppDelegate.swift; sourceTree = "<group>"; };
		2BA7408E21DFB6A1008F1E40 /* Assets.xcassets */ = {isa = PBXFileReference; lastKnownFileType = folder.assetcatalog; path = Assets.xcassets; sourceTree = "<group>"; };
		2BA7409121DFB6A1008F1E40 /* Base */ = {isa = PBXFileReference; lastKnownFileType = file.storyboard; name = Base; path = Base.lproj/LaunchScreen.storyboard; sourceTree = "<group>"; };
		2BA7409321DFB6A1008F1E40 /* Info.plist */ = {isa = PBXFileReference; lastKnownFileType = text.plist.xml; path = Info.plist; sourceTree = "<group>"; };
		2BA7409821DFB6A1008F1E40 /* Weather ForecastTests.xctest */ = {isa = PBXFileReference; explicitFileType = wrapper.cfbundle; includeInIndex = 0; path = "Weather ForecastTests.xctest"; sourceTree = BUILT_PRODUCTS_DIR; };
		2BA7409C21DFB6A1008F1E40 /* Weather_ForecastTests.swift */ = {isa = PBXFileReference; lastKnownFileType = sourcecode.swift; path = Weather_ForecastTests.swift; sourceTree = "<group>"; };
		2BA7409E21DFB6A1008F1E40 /* Info.plist */ = {isa = PBXFileReference; lastKnownFileType = text.plist.xml; path = Info.plist; sourceTree = "<group>"; };
		2BA740A321DFB6A1008F1E40 /* Weather ForecastUITests.xctest */ = {isa = PBXFileReference; explicitFileType = wrapper.cfbundle; includeInIndex = 0; path = "Weather ForecastUITests.xctest"; sourceTree = BUILT_PRODUCTS_DIR; };
		2BA740A721DFB6A1008F1E40 /* Weather_ForecastUITests.swift */ = {isa = PBXFileReference; lastKnownFileType = sourcecode.swift; path = Weather_ForecastUITests.swift; sourceTree = "<group>"; };
		2BA740A921DFB6A1008F1E40 /* Info.plist */ = {isa = PBXFileReference; lastKnownFileType = text.plist.xml; path = Info.plist; sourceTree = "<group>"; };
		2BA740BC21DFBC29008F1E40 /* CitiesListViewController.swift */ = {isa = PBXFileReference; lastKnownFileType = sourcecode.swift; path = CitiesListViewController.swift; sourceTree = "<group>"; };
		2BA740BE21DFBD63008F1E40 /* CitiesListPresenter.swift */ = {isa = PBXFileReference; lastKnownFileType = sourcecode.swift; path = CitiesListPresenter.swift; sourceTree = "<group>"; };
		2BA740C021DFBD6D008F1E40 /* CitiesList.storyboard */ = {isa = PBXFileReference; lastKnownFileType = file.storyboard; path = CitiesList.storyboard; sourceTree = "<group>"; };
		2BA740C221DFBD8D008F1E40 /* WeatherDetailsViewController.swift */ = {isa = PBXFileReference; lastKnownFileType = sourcecode.swift; path = WeatherDetailsViewController.swift; sourceTree = "<group>"; };
		2BA740C421DFBD9B008F1E40 /* WeatherDetailsPresenter.swift */ = {isa = PBXFileReference; lastKnownFileType = sourcecode.swift; path = WeatherDetailsPresenter.swift; sourceTree = "<group>"; };
		2BA740C621DFBDA2008F1E40 /* WeatherDetails.storyboard */ = {isa = PBXFileReference; lastKnownFileType = file.storyboard; path = WeatherDetails.storyboard; sourceTree = "<group>"; };
		2BA740C821DFBDE4008F1E40 /* APIManager.swift */ = {isa = PBXFileReference; lastKnownFileType = sourcecode.swift; path = APIManager.swift; sourceTree = "<group>"; };
		2BA740CB21DFFF37008F1E40 /* CityWeatherViewCell.swift */ = {isa = PBXFileReference; lastKnownFileType = sourcecode.swift; path = CityWeatherViewCell.swift; sourceTree = "<group>"; };
		2BA740CD21E00016008F1E40 /* City.swift */ = {isa = PBXFileReference; lastKnownFileType = sourcecode.swift; path = City.swift; sourceTree = "<group>"; };
		2BA740CF21E0009B008F1E40 /* Weather.swift */ = {isa = PBXFileReference; lastKnownFileType = sourcecode.swift; path = Weather.swift; sourceTree = "<group>"; };
		2BA740D121E00F03008F1E40 /* Extensions.swift */ = {isa = PBXFileReference; lastKnownFileType = sourcecode.swift; path = Extensions.swift; sourceTree = "<group>"; };
		3599A6F2862FB939F2E5B8EF /* Pods-Weather ForecastUITests.debug.xcconfig */ = {isa = PBXFileReference; includeInIndex = 1; lastKnownFileType = text.xcconfig; name = "Pods-Weather ForecastUITests.debug.xcconfig"; path = "Pods/Target Support Files/Pods-Weather ForecastUITests/Pods-Weather ForecastUITests.debug.xcconfig"; sourceTree = "<group>"; };
		5FF1A29523A43D3ED1170129 /* Pods_Weather_Forecast.framework */ = {isa = PBXFileReference; explicitFileType = wrapper.framework; includeInIndex = 0; path = Pods_Weather_Forecast.framework; sourceTree = BUILT_PRODUCTS_DIR; };
		7327ADDD24A6C817EB369D35 /* Pods_Weather_ForecastTests.framework */ = {isa = PBXFileReference; explicitFileType = wrapper.framework; includeInIndex = 0; path = Pods_Weather_ForecastTests.framework; sourceTree = BUILT_PRODUCTS_DIR; };
		92238F7BC235BA06A30B8A3F /* Pods_Weather_ForecastUITests.framework */ = {isa = PBXFileReference; explicitFileType = wrapper.framework; includeInIndex = 0; path = Pods_Weather_ForecastUITests.framework; sourceTree = BUILT_PRODUCTS_DIR; };
		C16752443987C4D39A9F01E7 /* Pods-Weather Forecast.release.xcconfig */ = {isa = PBXFileReference; includeInIndex = 1; lastKnownFileType = text.xcconfig; name = "Pods-Weather Forecast.release.xcconfig"; path = "Pods/Target Support Files/Pods-Weather Forecast/Pods-Weather Forecast.release.xcconfig"; sourceTree = "<group>"; };
/* End PBXFileReference section */

/* Begin PBXFrameworksBuildPhase section */
		2BA7408121DFB69E008F1E40 /* Frameworks */ = {
			isa = PBXFrameworksBuildPhase;
			buildActionMask = 2147483647;
			files = (
				70BB077BCD56225A7FF14984 /* Pods_Weather_Forecast.framework in Frameworks */,
			);
			runOnlyForDeploymentPostprocessing = 0;
		};
		2BA7409521DFB6A1008F1E40 /* Frameworks */ = {
			isa = PBXFrameworksBuildPhase;
			buildActionMask = 2147483647;
			files = (
				368CB52CE7956023B236ADAE /* Pods_Weather_ForecastTests.framework in Frameworks */,
			);
			runOnlyForDeploymentPostprocessing = 0;
		};
		2BA740A021DFB6A1008F1E40 /* Frameworks */ = {
			isa = PBXFrameworksBuildPhase;
			buildActionMask = 2147483647;
			files = (
				C145DDE701DD799E80810181 /* Pods_Weather_ForecastUITests.framework in Frameworks */,
			);
			runOnlyForDeploymentPostprocessing = 0;
		};
/* End PBXFrameworksBuildPhase section */

/* Begin PBXGroup section */
		29132848FDD1095122A8B59B /* Frameworks */ = {
			isa = PBXGroup;
			children = (
				5FF1A29523A43D3ED1170129 /* Pods_Weather_Forecast.framework */,
				7327ADDD24A6C817EB369D35 /* Pods_Weather_ForecastTests.framework */,
				92238F7BC235BA06A30B8A3F /* Pods_Weather_ForecastUITests.framework */,
			);
			name = Frameworks;
			sourceTree = "<group>";
		};
		2BA7407B21DFB69E008F1E40 = {
			isa = PBXGroup;
			children = (
				2BA7408621DFB69E008F1E40 /* Weather Forecast */,
				2BA7409B21DFB6A1008F1E40 /* Weather ForecastTests */,
				2BA740A621DFB6A1008F1E40 /* Weather ForecastUITests */,
				2BA7408521DFB69E008F1E40 /* Products */,
				994F1E816C9B0A0DA6775698 /* Pods */,
				29132848FDD1095122A8B59B /* Frameworks */,
			);
			sourceTree = "<group>";
		};
		2BA7408521DFB69E008F1E40 /* Products */ = {
			isa = PBXGroup;
			children = (
				2BA7408421DFB69E008F1E40 /* Weather Forecast.app */,
				2BA7409821DFB6A1008F1E40 /* Weather ForecastTests.xctest */,
				2BA740A321DFB6A1008F1E40 /* Weather ForecastUITests.xctest */,
			);
			name = Products;
			sourceTree = "<group>";
		};
		2BA7408621DFB69E008F1E40 /* Weather Forecast */ = {
			isa = PBXGroup;
			children = (
				2BA740B621DFBB03008F1E40 /* Features */,
				2BA740B921DFBB62008F1E40 /* Shared */,
				2BA740B821DFBB17008F1E40 /* Model */,
				2BA740B721DFBB0D008F1E40 /* Network */,
				2BA740B521DFBAA1008F1E40 /* Supporting files */,
			);
			path = "Weather Forecast";
			sourceTree = "<group>";
		};
		2BA7409B21DFB6A1008F1E40 /* Weather ForecastTests */ = {
			isa = PBXGroup;
			children = (
				2BA7409C21DFB6A1008F1E40 /* Weather_ForecastTests.swift */,
				2BA7409E21DFB6A1008F1E40 /* Info.plist */,
			);
			path = "Weather ForecastTests";
			sourceTree = "<group>";
		};
		2BA740A621DFB6A1008F1E40 /* Weather ForecastUITests */ = {
			isa = PBXGroup;
			children = (
				2BA740A721DFB6A1008F1E40 /* Weather_ForecastUITests.swift */,
				2BA740A921DFB6A1008F1E40 /* Info.plist */,
			);
			path = "Weather ForecastUITests";
			sourceTree = "<group>";
		};
		2BA740B521DFBAA1008F1E40 /* Supporting files */ = {
			isa = PBXGroup;
			children = (
				2BA7408721DFB69E008F1E40 /* AppDelegate.swift */,
				2BA7409021DFB6A1008F1E40 /* LaunchScreen.storyboard */,
				2BA7409321DFB6A1008F1E40 /* Info.plist */,
				2BA7408E21DFB6A1008F1E40 /* Assets.xcassets */,
			);
			path = "Supporting files";
			sourceTree = "<group>";
		};
		2BA740B621DFBB03008F1E40 /* Features */ = {
			isa = PBXGroup;
			children = (
				2BA740BB21DFBB9E008F1E40 /* WeatherDetails  */,
				2BA740BA21DFBB95008F1E40 /* CitiesList */,
			);
			path = Features;
			sourceTree = "<group>";
		};
		2BA740B721DFBB0D008F1E40 /* Network */ = {
			isa = PBXGroup;
			children = (
				2BA740C821DFBDE4008F1E40 /* APIManager.swift */,
			);
			path = Network;
			sourceTree = "<group>";
		};
		2BA740B821DFBB17008F1E40 /* Model */ = {
			isa = PBXGroup;
			children = (
				2BA740CD21E00016008F1E40 /* City.swift */,
				2BA740CF21E0009B008F1E40 /* Weather.swift */,
			);
			path = Model;
			sourceTree = "<group>";
		};
		2BA740B921DFBB62008F1E40 /* Shared */ = {
			isa = PBXGroup;
			children = (
				2BA740D121E00F03008F1E40 /* Extensions.swift */,
			);
			path = Shared;
			sourceTree = "<group>";
		};
		2BA740BA21DFBB95008F1E40 /* CitiesList */ = {
			isa = PBXGroup;
			children = (
				2BA740CA21DFFF15008F1E40 /* Cell */,
				2BA740BC21DFBC29008F1E40 /* CitiesListViewController.swift */,
				2BA740BE21DFBD63008F1E40 /* CitiesListPresenter.swift */,
				2BA740C021DFBD6D008F1E40 /* CitiesList.storyboard */,
			);
			path = CitiesList;
			sourceTree = "<group>";
		};
		2BA740BB21DFBB9E008F1E40 /* WeatherDetails  */ = {
			isa = PBXGroup;
			children = (
				2BA740C221DFBD8D008F1E40 /* WeatherDetailsViewController.swift */,
				2BA740C421DFBD9B008F1E40 /* WeatherDetailsPresenter.swift */,
				2BA740C621DFBDA2008F1E40 /* WeatherDetails.storyboard */,
			);
			path = "WeatherDetails ";
			sourceTree = "<group>";
		};
		2BA740CA21DFFF15008F1E40 /* Cell */ = {
			isa = PBXGroup;
			children = (
				2BA740CB21DFFF37008F1E40 /* CityWeatherViewCell.swift */,
			);
			path = Cell;
			sourceTree = "<group>";
		};
		994F1E816C9B0A0DA6775698 /* Pods */ = {
			isa = PBXGroup;
			children = (
				16AEA0171D87183E244AB660 /* Pods-Weather Forecast.debug.xcconfig */,
				C16752443987C4D39A9F01E7 /* Pods-Weather Forecast.release.xcconfig */,
				17C74CCA405B544246EC9B7C /* Pods-Weather ForecastTests.debug.xcconfig */,
				10EDAA6F45B0BFA463D6A406 /* Pods-Weather ForecastTests.release.xcconfig */,
				3599A6F2862FB939F2E5B8EF /* Pods-Weather ForecastUITests.debug.xcconfig */,
				1CECEF3EDC9F26D5D542F6AE /* Pods-Weather ForecastUITests.release.xcconfig */,
			);
			name = Pods;
			sourceTree = "<group>";
		};
/* End PBXGroup section */

/* Begin PBXNativeTarget section */
		2BA7408321DFB69E008F1E40 /* Weather Forecast */ = {
			isa = PBXNativeTarget;
			buildConfigurationList = 2BA740AC21DFB6A1008F1E40 /* Build configuration list for PBXNativeTarget "Weather Forecast" */;
			buildPhases = (
				BC7E3DA353CC12A660B16810 /* [CP] Check Pods Manifest.lock */,
				2BA7408021DFB69E008F1E40 /* Sources */,
				2BA7408121DFB69E008F1E40 /* Frameworks */,
				2BA7408221DFB69E008F1E40 /* Resources */,
				EB9CD473FD018DBA88F90EF2 /* [CP] Embed Pods Frameworks */,
			);
			buildRules = (
			);
			dependencies = (
			);
			name = "Weather Forecast";
			productName = "Weather Forecast";
			productReference = 2BA7408421DFB69E008F1E40 /* Weather Forecast.app */;
			productType = "com.apple.product-type.application";
		};
		2BA7409721DFB6A1008F1E40 /* Weather ForecastTests */ = {
			isa = PBXNativeTarget;
			buildConfigurationList = 2BA740AF21DFB6A1008F1E40 /* Build configuration list for PBXNativeTarget "Weather ForecastTests" */;
			buildPhases = (
				811925A7BD38072F8DCCF2C8 /* [CP] Check Pods Manifest.lock */,
				2BA7409421DFB6A1008F1E40 /* Sources */,
				2BA7409521DFB6A1008F1E40 /* Frameworks */,
				2BA7409621DFB6A1008F1E40 /* Resources */,
			);
			buildRules = (
			);
			dependencies = (
				2BA7409A21DFB6A1008F1E40 /* PBXTargetDependency */,
			);
			name = "Weather ForecastTests";
			productName = "Weather ForecastTests";
			productReference = 2BA7409821DFB6A1008F1E40 /* Weather ForecastTests.xctest */;
			productType = "com.apple.product-type.bundle.unit-test";
		};
		2BA740A221DFB6A1008F1E40 /* Weather ForecastUITests */ = {
			isa = PBXNativeTarget;
			buildConfigurationList = 2BA740B221DFB6A1008F1E40 /* Build configuration list for PBXNativeTarget "Weather ForecastUITests" */;
			buildPhases = (
				C357B4D2D0915389237869B2 /* [CP] Check Pods Manifest.lock */,
				2BA7409F21DFB6A1008F1E40 /* Sources */,
				2BA740A021DFB6A1008F1E40 /* Frameworks */,
				2BA740A121DFB6A1008F1E40 /* Resources */,
			);
			buildRules = (
			);
			dependencies = (
				2BA740A521DFB6A1008F1E40 /* PBXTargetDependency */,
			);
			name = "Weather ForecastUITests";
			productName = "Weather ForecastUITests";
			productReference = 2BA740A321DFB6A1008F1E40 /* Weather ForecastUITests.xctest */;
			productType = "com.apple.product-type.bundle.ui-testing";
		};
/* End PBXNativeTarget section */

/* Begin PBXProject section */
		2BA7407C21DFB69E008F1E40 /* Project object */ = {
			isa = PBXProject;
			attributes = {
				LastSwiftUpdateCheck = 1010;
				LastUpgradeCheck = 1010;
				ORGANIZATIONNAME = "med hajajate";
				TargetAttributes = {
					2BA7408321DFB69E008F1E40 = {
						CreatedOnToolsVersion = 10.1;
					};
					2BA7409721DFB6A1008F1E40 = {
						CreatedOnToolsVersion = 10.1;
						TestTargetID = 2BA7408321DFB69E008F1E40;
					};
					2BA740A221DFB6A1008F1E40 = {
						CreatedOnToolsVersion = 10.1;
						TestTargetID = 2BA7408321DFB69E008F1E40;
					};
				};
			};
			buildConfigurationList = 2BA7407F21DFB69E008F1E40 /* Build configuration list for PBXProject "Weather Forecast" */;
			compatibilityVersion = "Xcode 9.3";
			developmentRegion = en;
			hasScannedForEncodings = 0;
			knownRegions = (
				en,
				Base,
			);
			mainGroup = 2BA7407B21DFB69E008F1E40;
			productRefGroup = 2BA7408521DFB69E008F1E40 /* Products */;
			projectDirPath = "";
			projectRoot = "";
			targets = (
				2BA7408321DFB69E008F1E40 /* Weather Forecast */,
				2BA7409721DFB6A1008F1E40 /* Weather ForecastTests */,
				2BA740A221DFB6A1008F1E40 /* Weather ForecastUITests */,
			);
		};
/* End PBXProject section */

/* Begin PBXResourcesBuildPhase section */
		2BA7408221DFB69E008F1E40 /* Resources */ = {
			isa = PBXResourcesBuildPhase;
			buildActionMask = 2147483647;
			files = (
				2BA740C121DFBD6D008F1E40 /* CitiesList.storyboard in Resources */,
				2BA7409221DFB6A1008F1E40 /* LaunchScreen.storyboard in Resources */,
				2BA740C721DFBDA2008F1E40 /* WeatherDetails.storyboard in Resources */,
				2BA7408F21DFB6A1008F1E40 /* Assets.xcassets in Resources */,
			);
			runOnlyForDeploymentPostprocessing = 0;
		};
		2BA7409621DFB6A1008F1E40 /* Resources */ = {
			isa = PBXResourcesBuildPhase;
			buildActionMask = 2147483647;
			files = (
			);
			runOnlyForDeploymentPostprocessing = 0;
		};
		2BA740A121DFB6A1008F1E40 /* Resources */ = {
			isa = PBXResourcesBuildPhase;
			buildActionMask = 2147483647;
			files = (
			);
			runOnlyForDeploymentPostprocessing = 0;
		};
/* End PBXResourcesBuildPhase section */

/* Begin PBXShellScriptBuildPhase section */
		811925A7BD38072F8DCCF2C8 /* [CP] Check Pods Manifest.lock */ = {
			isa = PBXShellScriptBuildPhase;
			buildActionMask = 2147483647;
			files = (
			);
			inputFileListPaths = (
			);
			inputPaths = (
				"${PODS_PODFILE_DIR_PATH}/Podfile.lock",
				"${PODS_ROOT}/Manifest.lock",
			);
			name = "[CP] Check Pods Manifest.lock";
			outputFileListPaths = (
			);
			outputPaths = (
				"$(DERIVED_FILE_DIR)/Pods-Weather ForecastTests-checkManifestLockResult.txt",
			);
			runOnlyForDeploymentPostprocessing = 0;
			shellPath = /bin/sh;
			shellScript = "diff \"${PODS_PODFILE_DIR_PATH}/Podfile.lock\" \"${PODS_ROOT}/Manifest.lock\" > /dev/null\nif [ $? != 0 ] ; then\n    # print error to STDERR\n    echo \"error: The sandbox is not in sync with the Podfile.lock. Run 'pod install' or update your CocoaPods installation.\" >&2\n    exit 1\nfi\n# This output is used by Xcode 'outputs' to avoid re-running this script phase.\necho \"SUCCESS\" > \"${SCRIPT_OUTPUT_FILE_0}\"\n";
			showEnvVarsInLog = 0;
		};
		BC7E3DA353CC12A660B16810 /* [CP] Check Pods Manifest.lock */ = {
			isa = PBXShellScriptBuildPhase;
			buildActionMask = 2147483647;
			files = (
			);
			inputFileListPaths = (
			);
			inputPaths = (
				"${PODS_PODFILE_DIR_PATH}/Podfile.lock",
				"${PODS_ROOT}/Manifest.lock",
			);
			name = "[CP] Check Pods Manifest.lock";
			outputFileListPaths = (
			);
			outputPaths = (
				"$(DERIVED_FILE_DIR)/Pods-Weather Forecast-checkManifestLockResult.txt",
			);
			runOnlyForDeploymentPostprocessing = 0;
			shellPath = /bin/sh;
			shellScript = "diff \"${PODS_PODFILE_DIR_PATH}/Podfile.lock\" \"${PODS_ROOT}/Manifest.lock\" > /dev/null\nif [ $? != 0 ] ; then\n    # print error to STDERR\n    echo \"error: The sandbox is not in sync with the Podfile.lock. Run 'pod install' or update your CocoaPods installation.\" >&2\n    exit 1\nfi\n# This output is used by Xcode 'outputs' to avoid re-running this script phase.\necho \"SUCCESS\" > \"${SCRIPT_OUTPUT_FILE_0}\"\n";
			showEnvVarsInLog = 0;
		};
		C357B4D2D0915389237869B2 /* [CP] Check Pods Manifest.lock */ = {
			isa = PBXShellScriptBuildPhase;
			buildActionMask = 2147483647;
			files = (
			);
			inputFileListPaths = (
			);
			inputPaths = (
				"${PODS_PODFILE_DIR_PATH}/Podfile.lock",
				"${PODS_ROOT}/Manifest.lock",
			);
			name = "[CP] Check Pods Manifest.lock";
			outputFileListPaths = (
			);
			outputPaths = (
				"$(DERIVED_FILE_DIR)/Pods-Weather ForecastUITests-checkManifestLockResult.txt",
			);
			runOnlyForDeploymentPostprocessing = 0;
			shellPath = /bin/sh;
			shellScript = "diff \"${PODS_PODFILE_DIR_PATH}/Podfile.lock\" \"${PODS_ROOT}/Manifest.lock\" > /dev/null\nif [ $? != 0 ] ; then\n    # print error to STDERR\n    echo \"error: The sandbox is not in sync with the Podfile.lock. Run 'pod install' or update your CocoaPods installation.\" >&2\n    exit 1\nfi\n# This output is used by Xcode 'outputs' to avoid re-running this script phase.\necho \"SUCCESS\" > \"${SCRIPT_OUTPUT_FILE_0}\"\n";
			showEnvVarsInLog = 0;
		};
		EB9CD473FD018DBA88F90EF2 /* [CP] Embed Pods Frameworks */ = {
			isa = PBXShellScriptBuildPhase;
			buildActionMask = 2147483647;
			files = (
			);
			inputFileListPaths = (
			);
			inputPaths = (
				"${SRCROOT}/Pods/Target Support Files/Pods-Weather Forecast/Pods-Weather Forecast-frameworks.sh",
				"${BUILT_PRODUCTS_DIR}/Alamofire/Alamofire.framework",
				"${BUILT_PRODUCTS_DIR}/SDWebImage/SDWebImage.framework",
			);
			name = "[CP] Embed Pods Frameworks";
			outputFileListPaths = (
			);
			outputPaths = (
				"${TARGET_BUILD_DIR}/${FRAMEWORKS_FOLDER_PATH}/Alamofire.framework",
				"${TARGET_BUILD_DIR}/${FRAMEWORKS_FOLDER_PATH}/SDWebImage.framework",
			);
			runOnlyForDeploymentPostprocessing = 0;
			shellPath = /bin/sh;
			shellScript = "\"${SRCROOT}/Pods/Target Support Files/Pods-Weather Forecast/Pods-Weather Forecast-frameworks.sh\"\n";
			showEnvVarsInLog = 0;
		};
/* End PBXShellScriptBuildPhase section */

/* Begin PBXSourcesBuildPhase section */
		2BA7408021DFB69E008F1E40 /* Sources */ = {
			isa = PBXSourcesBuildPhase;
			buildActionMask = 2147483647;
			files = (
				2BA740C921DFBDE4008F1E40 /* APIManager.swift in Sources */,
				2BA7408821DFB69E008F1E40 /* AppDelegate.swift in Sources */,
				2BA740C521DFBD9B008F1E40 /* WeatherDetailsPresenter.swift in Sources */,
				2BA740CC21DFFF37008F1E40 /* CityWeatherViewCell.swift in Sources */,
				2BA740D021E0009B008F1E40 /* Weather.swift in Sources */,
				2BA740BD21DFBC29008F1E40 /* CitiesListViewController.swift in Sources */,
				2BA740D221E00F03008F1E40 /* Extensions.swift in Sources */,
				2BA740C321DFBD8D008F1E40 /* WeatherDetailsViewController.swift in Sources */,
				2BA740CE21E00016008F1E40 /* City.swift in Sources */,
				2BA740BF21DFBD63008F1E40 /* CitiesListPresenter.swift in Sources */,
			);
			runOnlyForDeploymentPostprocessing = 0;
		};
		2BA7409421DFB6A1008F1E40 /* Sources */ = {
			isa = PBXSourcesBuildPhase;
			buildActionMask = 2147483647;
			files = (
				2BA7409D21DFB6A1008F1E40 /* Weather_ForecastTests.swift in Sources */,
			);
			runOnlyForDeploymentPostprocessing = 0;
		};
		2BA7409F21DFB6A1008F1E40 /* Sources */ = {
			isa = PBXSourcesBuildPhase;
			buildActionMask = 2147483647;
			files = (
				2BA740A821DFB6A1008F1E40 /* Weather_ForecastUITests.swift in Sources */,
			);
			runOnlyForDeploymentPostprocessing = 0;
		};
/* End PBXSourcesBuildPhase section */

/* Begin PBXTargetDependency section */
		2BA7409A21DFB6A1008F1E40 /* PBXTargetDependency */ = {
			isa = PBXTargetDependency;
			target = 2BA7408321DFB69E008F1E40 /* Weather Forecast */;
			targetProxy = 2BA7409921DFB6A1008F1E40 /* PBXContainerItemProxy */;
		};
		2BA740A521DFB6A1008F1E40 /* PBXTargetDependency */ = {
			isa = PBXTargetDependency;
			target = 2BA7408321DFB69E008F1E40 /* Weather Forecast */;
			targetProxy = 2BA740A421DFB6A1008F1E40 /* PBXContainerItemProxy */;
		};
/* End PBXTargetDependency section */

/* Begin PBXVariantGroup section */
		2BA7409021DFB6A1008F1E40 /* LaunchScreen.storyboard */ = {
			isa = PBXVariantGroup;
			children = (
				2BA7409121DFB6A1008F1E40 /* Base */,
			);
			name = LaunchScreen.storyboard;
			sourceTree = "<group>";
		};
/* End PBXVariantGroup section */

/* Begin XCBuildConfiguration section */
		2BA740AA21DFB6A1008F1E40 /* Debug */ = {
			isa = XCBuildConfiguration;
			buildSettings = {
				ALWAYS_SEARCH_USER_PATHS = NO;
				CLANG_ANALYZER_NONNULL = YES;
				CLANG_ANALYZER_NUMBER_OBJECT_CONVERSION = YES_AGGRESSIVE;
				CLANG_CXX_LANGUAGE_STANDARD = "gnu++14";
				CLANG_CXX_LIBRARY = "libc++";
				CLANG_ENABLE_MODULES = YES;
				CLANG_ENABLE_OBJC_ARC = YES;
				CLANG_ENABLE_OBJC_WEAK = YES;
				CLANG_WARN_BLOCK_CAPTURE_AUTORELEASING = YES;
				CLANG_WARN_BOOL_CONVERSION = YES;
				CLANG_WARN_COMMA = YES;
				CLANG_WARN_CONSTANT_CONVERSION = YES;
				CLANG_WARN_DEPRECATED_OBJC_IMPLEMENTATIONS = YES;
				CLANG_WARN_DIRECT_OBJC_ISA_USAGE = YES_ERROR;
				CLANG_WARN_DOCUMENTATION_COMMENTS = YES;
				CLANG_WARN_EMPTY_BODY = YES;
				CLANG_WARN_ENUM_CONVERSION = YES;
				CLANG_WARN_INFINITE_RECURSION = YES;
				CLANG_WARN_INT_CONVERSION = YES;
				CLANG_WARN_NON_LITERAL_NULL_CONVERSION = YES;
				CLANG_WARN_OBJC_IMPLICIT_RETAIN_SELF = YES;
				CLANG_WARN_OBJC_LITERAL_CONVERSION = YES;
				CLANG_WARN_OBJC_ROOT_CLASS = YES_ERROR;
				CLANG_WARN_RANGE_LOOP_ANALYSIS = YES;
				CLANG_WARN_STRICT_PROTOTYPES = YES;
				CLANG_WARN_SUSPICIOUS_MOVE = YES;
				CLANG_WARN_UNGUARDED_AVAILABILITY = YES_AGGRESSIVE;
				CLANG_WARN_UNREACHABLE_CODE = YES;
				CLANG_WARN__DUPLICATE_METHOD_MATCH = YES;
				CODE_SIGN_IDENTITY = "iPhone Developer";
				COPY_PHASE_STRIP = NO;
				DEBUG_INFORMATION_FORMAT = dwarf;
				ENABLE_STRICT_OBJC_MSGSEND = YES;
				ENABLE_TESTABILITY = YES;
				GCC_C_LANGUAGE_STANDARD = gnu11;
				GCC_DYNAMIC_NO_PIC = NO;
				GCC_NO_COMMON_BLOCKS = YES;
				GCC_OPTIMIZATION_LEVEL = 0;
				GCC_PREPROCESSOR_DEFINITIONS = (
					"DEBUG=1",
					"$(inherited)",
				);
				GCC_WARN_64_TO_32_BIT_CONVERSION = YES;
				GCC_WARN_ABOUT_RETURN_TYPE = YES_ERROR;
				GCC_WARN_UNDECLARED_SELECTOR = YES;
				GCC_WARN_UNINITIALIZED_AUTOS = YES_AGGRESSIVE;
				GCC_WARN_UNUSED_FUNCTION = YES;
				GCC_WARN_UNUSED_VARIABLE = YES;
				IPHONEOS_DEPLOYMENT_TARGET = 12.1;
				MTL_ENABLE_DEBUG_INFO = INCLUDE_SOURCE;
				MTL_FAST_MATH = YES;
				ONLY_ACTIVE_ARCH = YES;
				SDKROOT = iphoneos;
				SWIFT_ACTIVE_COMPILATION_CONDITIONS = DEBUG;
				SWIFT_OPTIMIZATION_LEVEL = "-Onone";
			};
			name = Debug;
		};
		2BA740AB21DFB6A1008F1E40 /* Release */ = {
			isa = XCBuildConfiguration;
			buildSettings = {
				ALWAYS_SEARCH_USER_PATHS = NO;
				CLANG_ANALYZER_NONNULL = YES;
				CLANG_ANALYZER_NUMBER_OBJECT_CONVERSION = YES_AGGRESSIVE;
				CLANG_CXX_LANGUAGE_STANDARD = "gnu++14";
				CLANG_CXX_LIBRARY = "libc++";
				CLANG_ENABLE_MODULES = YES;
				CLANG_ENABLE_OBJC_ARC = YES;
				CLANG_ENABLE_OBJC_WEAK = YES;
				CLANG_WARN_BLOCK_CAPTURE_AUTORELEASING = YES;
				CLANG_WARN_BOOL_CONVERSION = YES;
				CLANG_WARN_COMMA = YES;
				CLANG_WARN_CONSTANT_CONVERSION = YES;
				CLANG_WARN_DEPRECATED_OBJC_IMPLEMENTATIONS = YES;
				CLANG_WARN_DIRECT_OBJC_ISA_USAGE = YES_ERROR;
				CLANG_WARN_DOCUMENTATION_COMMENTS = YES;
				CLANG_WARN_EMPTY_BODY = YES;
				CLANG_WARN_ENUM_CONVERSION = YES;
				CLANG_WARN_INFINITE_RECURSION = YES;
				CLANG_WARN_INT_CONVERSION = YES;
				CLANG_WARN_NON_LITERAL_NULL_CONVERSION = YES;
				CLANG_WARN_OBJC_IMPLICIT_RETAIN_SELF = YES;
				CLANG_WARN_OBJC_LITERAL_CONVERSION = YES;
				CLANG_WARN_OBJC_ROOT_CLASS = YES_ERROR;
				CLANG_WARN_RANGE_LOOP_ANALYSIS = YES;
				CLANG_WARN_STRICT_PROTOTYPES = YES;
				CLANG_WARN_SUSPICIOUS_MOVE = YES;
				CLANG_WARN_UNGUARDED_AVAILABILITY = YES_AGGRESSIVE;
				CLANG_WARN_UNREACHABLE_CODE = YES;
				CLANG_WARN__DUPLICATE_METHOD_MATCH = YES;
				CODE_SIGN_IDENTITY = "iPhone Developer";
				COPY_PHASE_STRIP = NO;
				DEBUG_INFORMATION_FORMAT = "dwarf-with-dsym";
				ENABLE_NS_ASSERTIONS = NO;
				ENABLE_STRICT_OBJC_MSGSEND = YES;
				GCC_C_LANGUAGE_STANDARD = gnu11;
				GCC_NO_COMMON_BLOCKS = YES;
				GCC_WARN_64_TO_32_BIT_CONVERSION = YES;
				GCC_WARN_ABOUT_RETURN_TYPE = YES_ERROR;
				GCC_WARN_UNDECLARED_SELECTOR = YES;
				GCC_WARN_UNINITIALIZED_AUTOS = YES_AGGRESSIVE;
				GCC_WARN_UNUSED_FUNCTION = YES;
				GCC_WARN_UNUSED_VARIABLE = YES;
				IPHONEOS_DEPLOYMENT_TARGET = 12.1;
				MTL_ENABLE_DEBUG_INFO = NO;
				MTL_FAST_MATH = YES;
				SDKROOT = iphoneos;
				SWIFT_COMPILATION_MODE = wholemodule;
				SWIFT_OPTIMIZATION_LEVEL = "-O";
				VALIDATE_PRODUCT = YES;
			};
			name = Release;
		};
		2BA740AD21DFB6A1008F1E40 /* Debug */ = {
			isa = XCBuildConfiguration;
			baseConfigurationReference = 16AEA0171D87183E244AB660 /* Pods-Weather Forecast.debug.xcconfig */;
			buildSettings = {
				ASSETCATALOG_COMPILER_APPICON_NAME = AppIcon;
				CODE_SIGN_STYLE = Automatic;
				DEVELOPMENT_TEAM = 44M37ZLK2F;
				INFOPLIST_FILE = "Weather Forecast/Supporting files/Info.plist";
				LD_RUNPATH_SEARCH_PATHS = (
					"$(inherited)",
					"@executable_path/Frameworks",
				);
				PRODUCT_BUNDLE_IDENTIFIER = "com.elhaj.Weather-Forecast";
				PRODUCT_NAME = "$(TARGET_NAME)";
				SWIFT_VERSION = 4.2;
				TARGETED_DEVICE_FAMILY = "1,2";
			};
			name = Debug;
		};
		2BA740AE21DFB6A1008F1E40 /* Release */ = {
			isa = XCBuildConfiguration;
			baseConfigurationReference = C16752443987C4D39A9F01E7 /* Pods-Weather Forecast.release.xcconfig */;
			buildSettings = {
				ASSETCATALOG_COMPILER_APPICON_NAME = AppIcon;
				CODE_SIGN_STYLE = Automatic;
				DEVELOPMENT_TEAM = 44M37ZLK2F;
				INFOPLIST_FILE = "Weather Forecast/Supporting files/Info.plist";
				LD_RUNPATH_SEARCH_PATHS = (
					"$(inherited)",
					"@executable_path/Frameworks",
				);
				PRODUCT_BUNDLE_IDENTIFIER = "com.elhaj.Weather-Forecast";
				PRODUCT_NAME = "$(TARGET_NAME)";
				SWIFT_VERSION = 4.2;
				TARGETED_DEVICE_FAMILY = "1,2";
			};
			name = Release;
		};
		2BA740B021DFB6A1008F1E40 /* Debug */ = {
			isa = XCBuildConfiguration;
			baseConfigurationReference = 17C74CCA405B544246EC9B7C /* Pods-Weather ForecastTests.debug.xcconfig */;
			buildSettings = {
				ALWAYS_EMBED_SWIFT_STANDARD_LIBRARIES = YES;
				BUNDLE_LOADER = "$(TEST_HOST)";
				CODE_SIGN_STYLE = Automatic;
				DEVELOPMENT_TEAM = 44M37ZLK2F;
				INFOPLIST_FILE = "Weather ForecastTests/Info.plist";
				LD_RUNPATH_SEARCH_PATHS = (
					"$(inherited)",
					"@executable_path/Frameworks",
					"@loader_path/Frameworks",
				);
				PRODUCT_BUNDLE_IDENTIFIER = "com.elhaj.Weather-ForecastTests";
				PRODUCT_NAME = "$(TARGET_NAME)";
				SWIFT_VERSION = 4.2;
				TARGETED_DEVICE_FAMILY = "1,2";
				TEST_HOST = "$(BUILT_PRODUCTS_DIR)/Weather Forecast.app/Weather Forecast";
			};
			name = Debug;
		};
		2BA740B121DFB6A1008F1E40 /* Release */ = {
			isa = XCBuildConfiguration;
			baseConfigurationReference = 10EDAA6F45B0BFA463D6A406 /* Pods-Weather ForecastTests.release.xcconfig */;
			buildSettings = {
				ALWAYS_EMBED_SWIFT_STANDARD_LIBRARIES = YES;
				BUNDLE_LOADER = "$(TEST_HOST)";
				CODE_SIGN_STYLE = Automatic;
				DEVELOPMENT_TEAM = 44M37ZLK2F;
				INFOPLIST_FILE = "Weather ForecastTests/Info.plist";
				LD_RUNPATH_SEARCH_PATHS = (
					"$(inherited)",
					"@executable_path/Frameworks",
					"@loader_path/Frameworks",
				);
				PRODUCT_BUNDLE_IDENTIFIER = "com.elhaj.Weather-ForecastTests";
				PRODUCT_NAME = "$(TARGET_NAME)";
				SWIFT_VERSION = 4.2;
				TARGETED_DEVICE_FAMILY = "1,2";
				TEST_HOST = "$(BUILT_PRODUCTS_DIR)/Weather Forecast.app/Weather Forecast";
			};
			name = Release;
		};
		2BA740B321DFB6A1008F1E40 /* Debug */ = {
			isa = XCBuildConfiguration;
			baseConfigurationReference = 3599A6F2862FB939F2E5B8EF /* Pods-Weather ForecastUITests.debug.xcconfig */;
			buildSettings = {
				ALWAYS_EMBED_SWIFT_STANDARD_LIBRARIES = YES;
				CODE_SIGN_STYLE = Automatic;
				DEVELOPMENT_TEAM = 44M37ZLK2F;
				INFOPLIST_FILE = "Weather ForecastUITests/Info.plist";
				LD_RUNPATH_SEARCH_PATHS = (
					"$(inherited)",
					"@executable_path/Frameworks",
					"@loader_path/Frameworks",
				);
				PRODUCT_BUNDLE_IDENTIFIER = "com.elhaj.Weather-ForecastUITests";
				PRODUCT_NAME = "$(TARGET_NAME)";
				SWIFT_VERSION = 4.2;
				TARGETED_DEVICE_FAMILY = "1,2";
				TEST_TARGET_NAME = "Weather Forecast";
			};
			name = Debug;
		};
		2BA740B421DFB6A1008F1E40 /* Release */ = {
			isa = XCBuildConfiguration;
			baseConfigurationReference = 1CECEF3EDC9F26D5D542F6AE /* Pods-Weather ForecastUITests.release.xcconfig */;
			buildSettings = {
				ALWAYS_EMBED_SWIFT_STANDARD_LIBRARIES = YES;
				CODE_SIGN_STYLE = Automatic;
				DEVELOPMENT_TEAM = 44M37ZLK2F;
				INFOPLIST_FILE = "Weather ForecastUITests/Info.plist";
				LD_RUNPATH_SEARCH_PATHS = (
					"$(inherited)",
					"@executable_path/Frameworks",
					"@loader_path/Frameworks",
				);
				PRODUCT_BUNDLE_IDENTIFIER = "com.elhaj.Weather-ForecastUITests";
				PRODUCT_NAME = "$(TARGET_NAME)";
				SWIFT_VERSION = 4.2;
				TARGETED_DEVICE_FAMILY = "1,2";
				TEST_TARGET_NAME = "Weather Forecast";
			};
			name = Release;
		};
/* End XCBuildConfiguration section */

/* Begin XCConfigurationList section */
		2BA7407F21DFB69E008F1E40 /* Build configuration list for PBXProject "Weather Forecast" */ = {
			isa = XCConfigurationList;
			buildConfigurations = (
				2BA740AA21DFB6A1008F1E40 /* Debug */,
				2BA740AB21DFB6A1008F1E40 /* Release */,
			);
			defaultConfigurationIsVisible = 0;
			defaultConfigurationName = Release;
		};
		2BA740AC21DFB6A1008F1E40 /* Build configuration list for PBXNativeTarget "Weather Forecast" */ = {
			isa = XCConfigurationList;
			buildConfigurations = (
				2BA740AD21DFB6A1008F1E40 /* Debug */,
				2BA740AE21DFB6A1008F1E40 /* Release */,
			);
			defaultConfigurationIsVisible = 0;
			defaultConfigurationName = Release;
		};
		2BA740AF21DFB6A1008F1E40 /* Build configuration list for PBXNativeTarget "Weather ForecastTests" */ = {
			isa = XCConfigurationList;
			buildConfigurations = (
				2BA740B021DFB6A1008F1E40 /* Debug */,
				2BA740B121DFB6A1008F1E40 /* Release */,
			);
			defaultConfigurationIsVisible = 0;
			defaultConfigurationName = Release;
		};
		2BA740B221DFB6A1008F1E40 /* Build configuration list for PBXNativeTarget "Weather ForecastUITests" */ = {
			isa = XCConfigurationList;
			buildConfigurations = (
				2BA740B321DFB6A1008F1E40 /* Debug */,
				2BA740B421DFB6A1008F1E40 /* Release */,
			);
			defaultConfigurationIsVisible = 0;
			defaultConfigurationName = Release;
		};
/* End XCConfigurationList section */
	};
	rootObject = 2BA7407C21DFB69E008F1E40 /* Project object */;
}
